// !$*UTF8*$!
{
	archiveVersion = 1;
	classes = {
	};
	objectVersion = 46;
	objects = {

/* Begin PBXBuildFile section */
		C25A55DF1B436D7A00D63410 /* AppDelegate.swift in Sources */ = {isa = PBXBuildFile; fileRef = C25A55DE1B436D7A00D63410 /* AppDelegate.swift */; };
		C25A55E11B436D7A00D63410 /* ViewController.swift in Sources */ = {isa = PBXBuildFile; fileRef = C25A55E01B436D7A00D63410 /* ViewController.swift */; };
		C25A55E41B436D7A00D63410 /* Main.storyboard in Resources */ = {isa = PBXBuildFile; fileRef = C25A55E21B436D7A00D63410 /* Main.storyboard */; };
		C25A55E61B436D7A00D63410 /* Images.xcassets in Resources */ = {isa = PBXBuildFile; fileRef = C25A55E51B436D7A00D63410 /* Images.xcassets */; };
		C25A55E91B436D7A00D63410 /* LaunchScreen.xib in Resources */ = {isa = PBXBuildFile; fileRef = C25A55E71B436D7A00D63410 /* LaunchScreen.xib */; };
		C25A55F51B436D7A00D63410 /* MBPageControllerFromMomoTests.swift in Sources */ = {isa = PBXBuildFile; fileRef = C25A55F41B436D7A00D63410 /* MBPageControllerFromMomoTests.swift */; };
		C29A6F6C1B43D71800B565E7 /* MBTitleView.swift in Sources */ = {isa = PBXBuildFile; fileRef = C29A6F6B1B43D71800B565E7 /* MBTitleView.swift */; };
		C29A6F6E1B43D72D00B565E7 /* MBTitleView.xib in Resources */ = {isa = PBXBuildFile; fileRef = C29A6F6D1B43D72D00B565E7 /* MBTitleView.xib */; };
		C2E481CB1B43761E006C8099 /* MBContentView.swift in Sources */ = {isa = PBXBuildFile; fileRef = C2E481CA1B43761E006C8099 /* MBContentView.swift */; };
		C2E481CD1B43765A006C8099 /* MBContentView.xib in Resources */ = {isa = PBXBuildFile; fileRef = C2E481CC1B43765A006C8099 /* MBContentView.xib */; };
/* End PBXBuildFile section */

/* Begin PBXContainerItemProxy section */
		C25A55EF1B436D7A00D63410 /* PBXContainerItemProxy */ = {
			isa = PBXContainerItemProxy;
			containerPortal = C25A55D11B436D7A00D63410 /* Project object */;
			proxyType = 1;
			remoteGlobalIDString = C25A55D81B436D7A00D63410;
			remoteInfo = MBPageControllerFromMomo;
		};
/* End PBXContainerItemProxy section */

/* Begin PBXFileReference section */
		C25A55D91B436D7A00D63410 /* MBPageControllerFromMomo.app */ = {isa = PBXFileReference; explicitFileType = wrapper.application; includeInIndex = 0; path = MBPageControllerFromMomo.app; sourceTree = BUILT_PRODUCTS_DIR; };
		C25A55DD1B436D7A00D63410 /* Info.plist */ = {isa = PBXFileReference; lastKnownFileType = text.plist.xml; path = Info.plist; sourceTree = "<group>"; };
		C25A55DE1B436D7A00D63410 /* AppDelegate.swift */ = {isa = PBXFileReference; lastKnownFileType = sourcecode.swift; path = AppDelegate.swift; sourceTree = "<group>"; };
		C25A55E01B436D7A00D63410 /* ViewController.swift */ = {isa = PBXFileReference; lastKnownFileType = sourcecode.swift; path = ViewController.swift; sourceTree = "<group>"; };
		C25A55E31B436D7A00D63410 /* Base */ = {isa = PBXFileReference; lastKnownFileType = file.storyboard; name = Base; path = Base.lproj/Main.storyboard; sourceTree = "<group>"; };
		C25A55E51B436D7A00D63410 /* Images.xcassets */ = {isa = PBXFileReference; lastKnownFileType = folder.assetcatalog; path = Images.xcassets; sourceTree = "<group>"; };
		C25A55E81B436D7A00D63410 /* Base */ = {isa = PBXFileReference; lastKnownFileType = file.xib; name = Base; path = Base.lproj/LaunchScreen.xib; sourceTree = "<group>"; };
		C25A55EE1B436D7A00D63410 /* MBPageControllerFromMomoTests.xctest */ = {isa = PBXFileReference; explicitFileType = wrapper.cfbundle; includeInIndex = 0; path = MBPageControllerFromMomoTests.xctest; sourceTree = BUILT_PRODUCTS_DIR; };
		C25A55F31B436D7A00D63410 /* Info.plist */ = {isa = PBXFileReference; lastKnownFileType = text.plist.xml; path = Info.plist; sourceTree = "<group>"; };
		C25A55F41B436D7A00D63410 /* MBPageControllerFromMomoTests.swift */ = {isa = PBXFileReference; lastKnownFileType = sourcecode.swift; path = MBPageControllerFromMomoTests.swift; sourceTree = "<group>"; };
		C29A6F6B1B43D71800B565E7 /* MBTitleView.swift */ = {isa = PBXFileReference; fileEncoding = 4; lastKnownFileType = sourcecode.swift; path = MBTitleView.swift; sourceTree = "<group>"; };
		C29A6F6D1B43D72D00B565E7 /* MBTitleView.xib */ = {isa = PBXFileReference; fileEncoding = 4; lastKnownFileType = file.xib; path = MBTitleView.xib; sourceTree = "<group>"; };
		C2E481CA1B43761E006C8099 /* MBContentView.swift */ = {isa = PBXFileReference; fileEncoding = 4; lastKnownFileType = sourcecode.swift; path = MBContentView.swift; sourceTree = "<group>"; };
		C2E481CC1B43765A006C8099 /* MBContentView.xib */ = {isa = PBXFileReference; fileEncoding = 4; lastKnownFileType = file.xib; path = MBContentView.xib; sourceTree = "<group>"; };
/* End PBXFileReference section */

/* Begin PBXFrameworksBuildPhase section */
		C25A55D61B436D7A00D63410 /* Frameworks */ = {
			isa = PBXFrameworksBuildPhase;
			buildActionMask = 2147483647;
			files = (
			);
			runOnlyForDeploymentPostprocessing = 0;
		};
		C25A55EB1B436D7A00D63410 /* Frameworks */ = {
			isa = PBXFrameworksBuildPhase;
			buildActionMask = 2147483647;
			files = (
			);
			runOnlyForDeploymentPostprocessing = 0;
		};
/* End PBXFrameworksBuildPhase section */

/* Begin PBXGroup section */
		C25A55D01B436D7A00D63410 = {
			isa = PBXGroup;
			children = (
				C25A55DB1B436D7A00D63410 /* MBPageControllerFromMomo */,
				C25A55F11B436D7A00D63410 /* MBPageControllerFromMomoTests */,
				C25A55DA1B436D7A00D63410 /* Products */,
			);
			sourceTree = "<group>";
		};
		C25A55DA1B436D7A00D63410 /* Products */ = {
			isa = PBXGroup;
			children = (
				C25A55D91B436D7A00D63410 /* MBPageControllerFromMomo.app */,
				C25A55EE1B436D7A00D63410 /* MBPageControllerFromMomoTests.xctest */,
			);
			name = Products;
			sourceTree = "<group>";
		};
		C25A55DB1B436D7A00D63410 /* MBPageControllerFromMomo */ = {
			isa = PBXGroup;
			children = (
				C2E481C91B4375C4006C8099 /* Controller */,
				C2E481C81B4375BF006C8099 /* View */,
				C25A55DE1B436D7A00D63410 /* AppDelegate.swift */,
				C25A55E21B436D7A00D63410 /* Main.storyboard */,
				C25A55E51B436D7A00D63410 /* Images.xcassets */,
				C25A55E71B436D7A00D63410 /* LaunchScreen.xib */,
				C25A55DC1B436D7A00D63410 /* Supporting Files */,
			);
			path = MBPageControllerFromMomo;
			sourceTree = "<group>";
		};
		C25A55DC1B436D7A00D63410 /* Supporting Files */ = {
			isa = PBXGroup;
			children = (
				C25A55DD1B436D7A00D63410 /* Info.plist */,
			);
			name = "Supporting Files";
			sourceTree = "<group>";
		};
		C25A55F11B436D7A00D63410 /* MBPageControllerFromMomoTests */ = {
			isa = PBXGroup;
			children = (
				C25A55F41B436D7A00D63410 /* MBPageControllerFromMomoTests.swift */,
				C25A55F21B436D7A00D63410 /* Supporting Files */,
			);
			path = MBPageControllerFromMomoTests;
			sourceTree = "<group>";
		};
		C25A55F21B436D7A00D63410 /* Supporting Files */ = {
			isa = PBXGroup;
			children = (
				C25A55F31B436D7A00D63410 /* Info.plist */,
			);
			name = "Supporting Files";
			sourceTree = "<group>";
		};
		C2E481C81B4375BF006C8099 /* View */ = {
			isa = PBXGroup;
			children = (
				C2E481CA1B43761E006C8099 /* MBContentView.swift */,
				C2E481CC1B43765A006C8099 /* MBContentView.xib */,
				C29A6F6B1B43D71800B565E7 /* MBTitleView.swift */,
				C29A6F6D1B43D72D00B565E7 /* MBTitleView.xib */,
			);
			name = View;
			sourceTree = "<group>";
		};
		C2E481C91B4375C4006C8099 /* Controller */ = {
			isa = PBXGroup;
			children = (
				C25A55E01B436D7A00D63410 /* ViewController.swift */,
			);
			name = Controller;
			sourceTree = "<group>";
		};
/* End PBXGroup section */

/* Begin PBXNativeTarget section */
		C25A55D81B436D7A00D63410 /* MBPageControllerFromMomo */ = {
			isa = PBXNativeTarget;
			buildConfigurationList = C25A55F81B436D7A00D63410 /* Build configuration list for PBXNativeTarget "MBPageControllerFromMomo" */;
			buildPhases = (
				C25A55D51B436D7A00D63410 /* Sources */,
				C25A55D61B436D7A00D63410 /* Frameworks */,
				C25A55D71B436D7A00D63410 /* Resources */,
			);
			buildRules = (
			);
			dependencies = (
			);
			name = MBPageControllerFromMomo;
			productName = MBPageControllerFromMomo;
			productReference = C25A55D91B436D7A00D63410 /* MBPageControllerFromMomo.app */;
			productType = "com.apple.product-type.application";
		};
		C25A55ED1B436D7A00D63410 /* MBPageControllerFromMomoTests */ = {
			isa = PBXNativeTarget;
			buildConfigurationList = C25A55FB1B436D7A00D63410 /* Build configuration list for PBXNativeTarget "MBPageControllerFromMomoTests" */;
			buildPhases = (
				C25A55EA1B436D7A00D63410 /* Sources */,
				C25A55EB1B436D7A00D63410 /* Frameworks */,
				C25A55EC1B436D7A00D63410 /* Resources */,
			);
			buildRules = (
			);
			dependencies = (
				C25A55F01B436D7A00D63410 /* PBXTargetDependency */,
			);
			name = MBPageControllerFromMomoTests;
			productName = MBPageControllerFromMomoTests;
			productReference = C25A55EE1B436D7A00D63410 /* MBPageControllerFromMomoTests.xctest */;
			productType = "com.apple.product-type.bundle.unit-test";
		};
/* End PBXNativeTarget section */

/* Begin PBXProject section */
		C25A55D11B436D7A00D63410 /* Project object */ = {
			isa = PBXProject;
			attributes = {
				LastSwiftUpdateCheck = 0700;
				LastUpgradeCheck = 0630;
				ORGANIZATIONNAME = MmoaaY;
				TargetAttributes = {
					C25A55D81B436D7A00D63410 = {
						CreatedOnToolsVersion = 6.3.2;
					};
					C25A55ED1B436D7A00D63410 = {
						CreatedOnToolsVersion = 6.3.2;
						TestTargetID = C25A55D81B436D7A00D63410;
					};
				};
			};
			buildConfigurationList = C25A55D41B436D7A00D63410 /* Build configuration list for PBXProject "MBPageControllerFromMomo" */;
			compatibilityVersion = "Xcode 3.2";
			developmentRegion = English;
			hasScannedForEncodings = 0;
			knownRegions = (
				en,
				Base,
			);
			mainGroup = C25A55D01B436D7A00D63410;
			productRefGroup = C25A55DA1B436D7A00D63410 /* Products */;
			projectDirPath = "";
			projectRoot = "";
			targets = (
				C25A55D81B436D7A00D63410 /* MBPageControllerFromMomo */,
				C25A55ED1B436D7A00D63410 /* MBPageControllerFromMomoTests */,
			);
		};
/* End PBXProject section */

/* Begin PBXResourcesBuildPhase section */
		C25A55D71B436D7A00D63410 /* Resources */ = {
			isa = PBXResourcesBuildPhase;
			buildActionMask = 2147483647;
			files = (
				C29A6F6E1B43D72D00B565E7 /* MBTitleView.xib in Resources */,
				C25A55E41B436D7A00D63410 /* Main.storyboard in Resources */,
				C25A55E91B436D7A00D63410 /* LaunchScreen.xib in Resources */,
				C25A55E61B436D7A00D63410 /* Images.xcassets in Resources */,
				C2E481CD1B43765A006C8099 /* MBContentView.xib in Resources */,
			);
			runOnlyForDeploymentPostprocessing = 0;
		};
		C25A55EC1B436D7A00D63410 /* Resources */ = {
			isa = PBXResourcesBuildPhase;
			buildActionMask = 2147483647;
			files = (
			);
			runOnlyForDeploymentPostprocessing = 0;
		};
/* End PBXResourcesBuildPhase section */

/* Begin PBXSourcesBuildPhase section */
		C25A55D51B436D7A00D63410 /* Sources */ = {
			isa = PBXSourcesBuildPhase;
			buildActionMask = 2147483647;
			files = (
				C29A6F6C1B43D71800B565E7 /* MBTitleView.swift in Sources */,
				C25A55E11B436D7A00D63410 /* ViewController.swift in Sources */,
				C25A55DF1B436D7A00D63410 /* AppDelegate.swift in Sources */,
				C2E481CB1B43761E006C8099 /* MBContentView.swift in Sources */,
			);
			runOnlyForDeploymentPostprocessing = 0;
		};
		C25A55EA1B436D7A00D63410 /* Sources */ = {
			isa = PBXSourcesBuildPhase;
			buildActionMask = 2147483647;
			files = (
				C25A55F51B436D7A00D63410 /* MBPageControllerFromMomoTests.swift in Sources */,
			);
			runOnlyForDeploymentPostprocessing = 0;
		};
/* End PBXSourcesBuildPhase section */

/* Begin PBXTargetDependency section */
		C25A55F01B436D7A00D63410 /* PBXTargetDependency */ = {
			isa = PBXTargetDependency;
			target = C25A55D81B436D7A00D63410 /* MBPageControllerFromMomo */;
			targetProxy = C25A55EF1B436D7A00D63410 /* PBXContainerItemProxy */;
		};
/* End PBXTargetDependency section */

/* Begin PBXVariantGroup section */
		C25A55E21B436D7A00D63410 /* Main.storyboard */ = {
			isa = PBXVariantGroup;
			children = (
				C25A55E31B436D7A00D63410 /* Base */,
			);
			name = Main.storyboard;
			sourceTree = "<group>";
		};
		C25A55E71B436D7A00D63410 /* LaunchScreen.xib */ = {
			isa = PBXVariantGroup;
			children = (
				C25A55E81B436D7A00D63410 /* Base */,
			);
			name = LaunchScreen.xib;
			sourceTree = "<group>";
		};
/* End PBXVariantGroup section */

/* Begin XCBuildConfiguration section */
		C25A55F61B436D7A00D63410 /* Debug */ = {
			isa = XCBuildConfiguration;
			buildSettings = {
				ALWAYS_SEARCH_USER_PATHS = NO;
				CLANG_CXX_LANGUAGE_STANDARD = "gnu++0x";
				CLANG_CXX_LIBRARY = "libc++";
				CLANG_ENABLE_MODULES = YES;
				CLANG_ENABLE_OBJC_ARC = YES;
				CLANG_WARN_BOOL_CONVERSION = YES;
				CLANG_WARN_CONSTANT_CONVERSION = YES;
				CLANG_WARN_DIRECT_OBJC_ISA_USAGE = YES_ERROR;
				CLANG_WARN_EMPTY_BODY = YES;
				CLANG_WARN_ENUM_CONVERSION = YES;
				CLANG_WARN_INT_CONVERSION = YES;
				CLANG_WARN_OBJC_ROOT_CLASS = YES_ERROR;
				CLANG_WARN_UNREACHABLE_CODE = YES;
				CLANG_WARN__DUPLICATE_METHOD_MATCH = YES;
				"CODE_SIGN_IDENTITY[sdk=iphoneos*]" = "iPhone Developer";
				COPY_PHASE_STRIP = NO;
				DEBUG_INFORMATION_FORMAT = "dwarf-with-dsym";
				ENABLE_STRICT_OBJC_MSGSEND = YES;
				GCC_C_LANGUAGE_STANDARD = gnu99;
				GCC_DYNAMIC_NO_PIC = NO;
				GCC_NO_COMMON_BLOCKS = YES;
				GCC_OPTIMIZATION_LEVEL = 0;
				GCC_PREPROCESSOR_DEFINITIONS = (
					"DEBUG=1",
					"$(inherited)",
				);
				GCC_SYMBOLS_PRIVATE_EXTERN = NO;
				GCC_WARN_64_TO_32_BIT_CONVERSION = YES;
				GCC_WARN_ABOUT_RETURN_TYPE = YES_ERROR;
				GCC_WARN_UNDECLARED_SELECTOR = YES;
				GCC_WARN_UNINITIALIZED_AUTOS = YES_AGGRESSIVE;
				GCC_WARN_UNUSED_FUNCTION = YES;
				GCC_WARN_UNUSED_VARIABLE = YES;
				IPHONEOS_DEPLOYMENT_TARGET = 8.3;
				MTL_ENABLE_DEBUG_INFO = YES;
				ONLY_ACTIVE_ARCH = YES;
				SDKROOT = iphoneos;
				SWIFT_OPTIMIZATION_LEVEL = "-Onone";
			};
			name = Debug;
		};
		C25A55F71B436D7A00D63410 /* Release */ = {
			isa = XCBuildConfiguration;
			buildSettings = {
				ALWAYS_SEARCH_USER_PATHS = NO;
				CLANG_CXX_LANGUAGE_STANDARD = "gnu++0x";
				CLANG_CXX_LIBRARY = "libc++";
				CLANG_ENABLE_MODULES = YES;
				CLANG_ENABLE_OBJC_ARC = YES;
				CLANG_WARN_BOOL_CONVERSION = YES;
				CLANG_WARN_CONSTANT_CONVERSION = YES;
				CLANG_WARN_DIRECT_OBJC_ISA_USAGE = YES_ERROR;
				CLANG_WARN_EMPTY_BODY = YES;
				CLANG_WARN_ENUM_CONVERSION = YES;
				CLANG_WARN_INT_CONVERSION = YES;
				CLANG_WARN_OBJC_ROOT_CLASS = YES_ERROR;
				CLANG_WARN_UNREACHABLE_CODE = YES;
				CLANG_WARN__DUPLICATE_METHOD_MATCH = YES;
				"CODE_SIGN_IDENTITY[sdk=iphoneos*]" = "iPhone Developer";
				COPY_PHASE_STRIP = NO;
				DEBUG_INFORMATION_FORMAT = "dwarf-with-dsym";
				ENABLE_NS_ASSERTIONS = NO;
				ENABLE_STRICT_OBJC_MSGSEND = YES;
				GCC_C_LANGUAGE_STANDARD = gnu99;
				GCC_NO_COMMON_BLOCKS = YES;
				GCC_WARN_64_TO_32_BIT_CONVERSION = YES;
				GCC_WARN_ABOUT_RETURN_TYPE = YES_ERROR;
				GCC_WARN_UNDECLARED_SELECTOR = YES;
				GCC_WARN_UNINITIALIZED_AUTOS = YES_AGGRESSIVE;
				GCC_WARN_UNUSED_FUNCTION = YES;
				GCC_WARN_UNUSED_VARIABLE = YES;
				IPHONEOS_DEPLOYMENT_TARGET = 8.3;
				MTL_ENABLE_DEBUG_INFO = NO;
				SDKROOT = iphoneos;
				VALIDATE_PRODUCT = YES;
			};
			name = Release;
		};
		C25A55F91B436D7A00D63410 /* Debug */ = {
			isa = XCBuildConfiguration;
			buildSettings = {
				ASSETCATALOG_COMPILER_APPICON_NAME = AppIcon;
				INFOPLIST_FILE = MBPageControllerFromMomo/Info.plist;
				LD_RUNPATH_SEARCH_PATHS = "$(inherited) @executable_path/Frameworks";
				PRODUCT_NAME = "$(TARGET_NAME)";
			};
			name = Debug;
		};
		C25A55FA1B436D7A00D63410 /* Release */ = {
			isa = XCBuildConfiguration;
			buildSettings = {
				ASSETCATALOG_COMPILER_APPICON_NAME = AppIcon;
				INFOPLIST_FILE = MBPageControllerFromMomo/Info.plist;
				LD_RUNPATH_SEARCH_PATHS = "$(inherited) @executable_path/Frameworks";
				PRODUCT_NAME = "$(TARGET_NAME)";
			};
			name = Release;
		};
		C25A55FC1B436D7A00D63410 /* Debug */ = {
			isa = XCBuildConfiguration;
			buildSettings = {
				BUNDLE_LOADER = "$(TEST_HOST)";
				FRAMEWORK_SEARCH_PATHS = (
					"$(SDKROOT)/Developer/Library/Frameworks",
					"$(inherited)",
				);
				GCC_PREPROCESSOR_DEFINITIONS = (
					"DEBUG=1",
					"$(inherited)",
				);
				INFOPLIST_FILE = MBPageControllerFromMomoTests/Info.plist;
				LD_RUNPATH_SEARCH_PATHS = "$(inherited) @executable_path/Frameworks @loader_path/Frameworks";
				PRODUCT_NAME = "$(TARGET_NAME)";
				TEST_HOST = "$(BUILT_PRODUCTS_DIR)/MBPageControllerFromMomo.app/MBPageControllerFromMomo";
			};
			name = Debug;
		};
		C25A55FD1B436D7A00D63410 /* Release */ = {
			isa = XCBuildConfiguration;
			buildSettings = {
				BUNDLE_LOADER = "$(TEST_HOST)";
				FRAMEWORK_SEARCH_PATHS = (
					"$(SDKROOT)/Developer/Library/Frameworks",
					"$(inherited)",
				);
				INFOPLIST_FILE = MBPageControllerFromMomoTests/Info.plist;
				LD_RUNPATH_SEARCH_PATHS = "$(inherited) @executable_path/Frameworks @loader_path/Frameworks";
				PRODUCT_NAME = "$(TARGET_NAME)";
				TEST_HOST = "$(BUILT_PRODUCTS_DIR)/MBPageControllerFromMomo.app/MBPageControllerFromMomo";
			};
			name = Release;
		};
/* End XCBuildConfiguration section */

/* Begin XCConfigurationList section */
		C25A55D41B436D7A00D63410 /* Build configuration list for PBXProject "MBPageControllerFromMomo" */ = {
			isa = XCConfigurationList;
			buildConfigurations = (
				C25A55F61B436D7A00D63410 /* Debug */,
				C25A55F71B436D7A00D63410 /* Release */,
			);
			defaultConfigurationIsVisible = 0;
			defaultConfigurationName = Release;
		};
		C25A55F81B436D7A00D63410 /* Build configuration list for PBXNativeTarget "MBPageControllerFromMomo" */ = {
			isa = XCConfigurationList;
			buildConfigurations = (
				C25A55F91B436D7A00D63410 /* Debug */,
				C25A55FA1B436D7A00D63410 /* Release */,
			);
			defaultConfigurationIsVisible = 0;
			defaultConfigurationName = Release;
		};
		C25A55FB1B436D7A00D63410 /* Build configuration list for PBXNativeTarget "MBPageControllerFromMomoTests" */ = {
			isa = XCConfigurationList;
			buildConfigurations = (
				C25A55FC1B436D7A00D63410 /* Debug */,
				C25A55FD1B436D7A00D63410 /* Release */,
			);
			defaultConfigurationIsVisible = 0;
			defaultConfigurationName = Release;
		};
/* End XCConfigurationList section */
	};
	rootObject = C25A55D11B436D7A00D63410 /* Project object */;
}
